
Microsoft Visual Studio Solution File, Format Version 12.00
# Visual Studio Version 17
VisualStudioVersion = 17.5.33530.505
MinimumVisualStudioVersion = 10.0.40219.1
Project("{FAE04EC0-301F-11D3-BF4B-00C04F79EFBC}") = "GenericExercise", "GenericExercise\GenericExercise.csproj", "{9FF00E83-F9AD-4E79-AE9C-FDB9B828D4EA}"
EndProject
Global
	GlobalSection(SolutionConfigurationPlatforms) = preSolution
		Debug|Any CPU = Debug|Any CPU
		Release|Any CPU = Release|Any CPU
	EndGlobalSection
	GlobalSection(ProjectConfigurationPlatforms) = postSolution
		{9FF00E83-F9AD-4E79-AE9C-FDB9B828D4EA}.Debug|Any CPU.ActiveCfg = Debug|Any CPU
		{9FF00E83-F9AD-4E79-AE9C-FDB9B828D4EA}.Debug|Any CPU.Build.0 = Debug|Any CPU
		{9FF00E83-F9AD-4E79-AE9C-FDB9B828D4EA}.Release|Any CPU.ActiveCfg = Release|Any CPU
		{9FF00E83-F9AD-4E79-AE9C-FDB9B828D4EA}.Release|Any CPU.Build.0 = Release|Any CPU
	EndGlobalSection
	GlobalSection(SolutionProperties) = preSolution
		HideSolutionNode = FALSE
	EndGlobalSection
	GlobalSection(ExtensibilityGlobals) = postSolution
		SolutionGuid = {1DDD36DA-7F11-4440-8C07-DB4464868D6D}
	EndGlobalSection
EndGlobal
