
Microsoft Visual Studio Solution File, Format Version 12.00
# Visual Studio Version 17
VisualStudioVersion = 17.5.33530.505
MinimumVisualStudioVersion = 10.0.40219.1
Project("{FAE04EC0-301F-11D3-BF4B-00C04F79EFBC}") = "Switch_Case", "Switch_Case\Switch_Case.csproj", "{AD056ABD-62D7-4A88-BD1D-D6DBA71EE545}"
EndProject
Global
	GlobalSection(SolutionConfigurationPlatforms) = preSolution
		Debug|Any CPU = Debug|Any CPU
		Release|Any CPU = Release|Any CPU
	EndGlobalSection
	GlobalSection(ProjectConfigurationPlatforms) = postSolution
		{AD056ABD-62D7-4A88-BD1D-D6DBA71EE545}.Debug|Any CPU.ActiveCfg = Debug|Any CPU
		{AD056ABD-62D7-4A88-BD1D-D6DBA71EE545}.Debug|Any CPU.Build.0 = Debug|Any CPU
		{AD056ABD-62D7-4A88-BD1D-D6DBA71EE545}.Release|Any CPU.ActiveCfg = Release|Any CPU
		{AD056ABD-62D7-4A88-BD1D-D6DBA71EE545}.Release|Any CPU.Build.0 = Release|Any CPU
	EndGlobalSection
	GlobalSection(SolutionProperties) = preSolution
		HideSolutionNode = FALSE
	EndGlobalSection
	GlobalSection(ExtensibilityGlobals) = postSolution
		SolutionGuid = {2FB3F612-C215-41EE-9AD1-982E14C23BF3}
	EndGlobalSection
EndGlobal
