
Microsoft Visual Studio Solution File, Format Version 12.00
# Visual Studio Version 17
VisualStudioVersion = 17.5.33530.505
MinimumVisualStudioVersion = 10.0.40219.1
Project("{FAE04EC0-301F-11D3-BF4B-00C04F79EFBC}") = "Temperature", "Temperature\Temperature.csproj", "{8EF9CE15-5624-41E8-BBEE-A418A247CD0B}"
EndProject
Global
	GlobalSection(SolutionConfigurationPlatforms) = preSolution
		Debug|Any CPU = Debug|Any CPU
		Release|Any CPU = Release|Any CPU
	EndGlobalSection
	GlobalSection(ProjectConfigurationPlatforms) = postSolution
		{8EF9CE15-5624-41E8-BBEE-A418A247CD0B}.Debug|Any CPU.ActiveCfg = Debug|Any CPU
		{8EF9CE15-5624-41E8-BBEE-A418A247CD0B}.Debug|Any CPU.Build.0 = Debug|Any CPU
		{8EF9CE15-5624-41E8-BBEE-A418A247CD0B}.Release|Any CPU.ActiveCfg = Release|Any CPU
		{8EF9CE15-5624-41E8-BBEE-A418A247CD0B}.Release|Any CPU.Build.0 = Release|Any CPU
	EndGlobalSection
	GlobalSection(SolutionProperties) = preSolution
		HideSolutionNode = FALSE
	EndGlobalSection
	GlobalSection(ExtensibilityGlobals) = postSolution
		SolutionGuid = {CE82B987-BDDC-4F10-88EC-28C066C58A14}
	EndGlobalSection
EndGlobal
