
Microsoft Visual Studio Solution File, Format Version 12.00
# Visual Studio Version 17
VisualStudioVersion = 17.5.33530.505
MinimumVisualStudioVersion = 10.0.40219.1
Project("{FAE04EC0-301F-11D3-BF4B-00C04F79EFBC}") = "Interface", "Interface\Interface.csproj", "{890538F8-3778-41A0-A58A-C68A3B0A1C0B}"
EndProject
Global
	GlobalSection(SolutionConfigurationPlatforms) = preSolution
		Debug|Any CPU = Debug|Any CPU
		Release|Any CPU = Release|Any CPU
	EndGlobalSection
	GlobalSection(ProjectConfigurationPlatforms) = postSolution
		{890538F8-3778-41A0-A58A-C68A3B0A1C0B}.Debug|Any CPU.ActiveCfg = Debug|Any CPU
		{890538F8-3778-41A0-A58A-C68A3B0A1C0B}.Debug|Any CPU.Build.0 = Debug|Any CPU
		{890538F8-3778-41A0-A58A-C68A3B0A1C0B}.Release|Any CPU.ActiveCfg = Release|Any CPU
		{890538F8-3778-41A0-A58A-C68A3B0A1C0B}.Release|Any CPU.Build.0 = Release|Any CPU
	EndGlobalSection
	GlobalSection(SolutionProperties) = preSolution
		HideSolutionNode = FALSE
	EndGlobalSection
	GlobalSection(ExtensibilityGlobals) = postSolution
		SolutionGuid = {B53A46B3-5573-44C1-BC4D-F65CBE9BE731}
	EndGlobalSection
EndGlobal
