
Microsoft Visual Studio Solution File, Format Version 12.00
# Visual Studio Version 17
VisualStudioVersion = 17.5.33530.505
MinimumVisualStudioVersion = 10.0.40219.1
Project("{FAE04EC0-301F-11D3-BF4B-00C04F79EFBC}") = "Larest_Number", "Larest_Number\Larest_Number.csproj", "{F1FCE36D-D31C-48F6-8F78-C0458FE6A70B}"
EndProject
Global
	GlobalSection(SolutionConfigurationPlatforms) = preSolution
		Debug|Any CPU = Debug|Any CPU
		Release|Any CPU = Release|Any CPU
	EndGlobalSection
	GlobalSection(ProjectConfigurationPlatforms) = postSolution
		{F1FCE36D-D31C-48F6-8F78-C0458FE6A70B}.Debug|Any CPU.ActiveCfg = Debug|Any CPU
		{F1FCE36D-D31C-48F6-8F78-C0458FE6A70B}.Debug|Any CPU.Build.0 = Debug|Any CPU
		{F1FCE36D-D31C-48F6-8F78-C0458FE6A70B}.Release|Any CPU.ActiveCfg = Release|Any CPU
		{F1FCE36D-D31C-48F6-8F78-C0458FE6A70B}.Release|Any CPU.Build.0 = Release|Any CPU
	EndGlobalSection
	GlobalSection(SolutionProperties) = preSolution
		HideSolutionNode = FALSE
	EndGlobalSection
	GlobalSection(ExtensibilityGlobals) = postSolution
		SolutionGuid = {255808B0-D44F-4BA2-97A1-8244B9556476}
	EndGlobalSection
EndGlobal
